Microsoft Visual Studio Solution File, Format Version 12.00
# Visual Studio Version 17
VisualStudioVersion = 17.8.34330.188
MinimumVisualStudioVersion = 10.0.40219.1
Project("{9A19103F-16F7-4668-BE54-9A1E7A4F7556}") = "Demo01.TestDrivenDevelopment", "Demo01.TestDrivenDevelopment\Demo01.TestDrivenDevelopment.csproj", "{6AFA49A6-E60B-493B-9DF0-2EA55F09A630}"
EndProject
Project("{9A19103F-16F7-4668-BE54-9A1E7A4F7556}") = "Demo01.TestDrivenDevelopment.Test", "Demo01.TestDrivenDevelopment.Test\Demo01.TestDrivenDevelopment.Test.csproj", "{B6B9AA09-327F-4150-AD85-4A894E6D0603}"
EndProject
Project("{2150E333-8FDC-42A3-9474-1A3956D46DE8}") = "Documentation", "Documentation", "{8EF725F0-99FF-4060-BB03-3D735B181117}"
	ProjectSection(SolutionItems) = preProject
		Expenses_2015.txt = Expenses_2015.txt
		LICENSE = LICENSE
		README.md = README.md
	EndProjectSection
EndProject
Project("{9A19103F-16F7-4668-BE54-9A1E7A4F7556}") = "Demo02.LayeredArchitecture.Domain", "Demo02.LayeredArchitecture.Domain\Demo02.LayeredArchitecture.Domain.csproj", "{255DDCF7-228A-49DD-9017-0EF015A005A9}"
EndProject
Project("{9A19103F-16F7-4668-BE54-9A1E7A4F7556}") = "Demo02.LayeredArchitecture.Domain.Test", "Demo02.LayeredArchitecture.Domain.Test\Demo02.LayeredArchitecture.Domain.Test.csproj", "{422D887D-96AE-43A5-B378-FB42EC627483}"
EndProject
Project("{9A19103F-16F7-4668-BE54-9A1E7A4F7556}") = "Demo02.LayeredArchitecture.Application.Test", "Demo02.LayeredArchitecture.Application.Test\Demo02.LayeredArchitecture.Application.Test.csproj", "{0DE61420-F728-48DD-976C-D61599458447}"
EndProject
Project("{9A19103F-16F7-4668-BE54-9A1E7A4F7556}") = "Demo02.LayeredArchitecture.Application", "Demo02.LayeredArchitecture.Application\Demo02.LayeredArchitecture.Application.csproj", "{4441435A-3C7F-47D8-93A4-96591EE62F22}"
EndProject
Project("{9A19103F-16F7-4668-BE54-9A1E7A4F7556}") = "Demo02.LayeredArchitecture.Infrastructure", "Demo02.LayeredArchitecture.Infrastructure\Demo02.LayeredArchitecture.Infrastructure.csproj", "{B17BD602-11F0-426B-BAE9-116ECDFBE744}"
EndProject
Project("{9A19103F-16F7-4668-BE54-9A1E7A4F7556}") = "Demo02.LayeredArchitecture.Facade", "Demo02.LayeredArchitecture.Facade\Demo02.LayeredArchitecture.Facade.csproj", "{4FFE0A4D-3EE1-404E-82DB-D170B566F9DB}"
EndProject
Project("{9A19103F-16F7-4668-BE54-9A1E7A4F7556}") = "Demo03.Presentation.NonTestable.UI", "Demo03.Presentation.NonTestable.UI\Demo03.Presentation.NonTestable.UI.csproj", "{E4491C6B-B5DA-4B40-9C22-C0C2397A08AE}"
EndProject
Project("{9A19103F-16F7-4668-BE54-9A1E7A4F7556}") = "Demo03.Presentation.MVVM.UI", "Demo03.Presentation.MVVM.UI\Demo03.Presentation.MVVM.UI.csproj", "{1268E531-BD6E-4662-AAC2-26ECBC5F5455}"
EndProject
Project("{9A19103F-16F7-4668-BE54-9A1E7A4F7556}") = "Demo03.Presentation.MVVM.UI.Test", "Demo03.Presentation.MVVM.UI.Test\Demo03.Presentation.MVVM.UI.Test.csproj", "{C8FC1F9B-FAE8-455B-B8DE-BCF854EE4307}"
EndProject
Project("{00D1A9C2-B5F0-4AF3-8072-F6C62B433612}") = "Demo02.LayeredArchitecture.Database", "Demo02.LayeredArchitecture.Database\Demo02.LayeredArchitecture.Database.sqlproj", "{87770AFE-4BE6-4310-A706-D6AC4AA9E9AB}"
EndProject
Global
	GlobalSection(SolutionConfigurationPlatforms) = preSolution
		Debug|Any CPU = Debug|Any CPU
		Release|Any CPU = Release|Any CPU
	EndGlobalSection
	GlobalSection(ProjectConfigurationPlatforms) = postSolution
		{6AFA49A6-E60B-493B-9DF0-2EA55F09A630}.Debug|Any CPU.ActiveCfg = Debug|Any CPU
		{6AFA49A6-E60B-493B-9DF0-2EA55F09A630}.Debug|Any CPU.Build.0 = Debug|Any CPU
		{6AFA49A6-E60B-493B-9DF0-2EA55F09A630}.Release|Any CPU.ActiveCfg = Release|Any CPU
		{6AFA49A6-E60B-493B-9DF0-2EA55F09A630}.Release|Any CPU.Build.0 = Release|Any CPU
		{B6B9AA09-327F-4150-AD85-4A894E6D0603}.Debug|Any CPU.ActiveCfg = Debug|Any CPU
		{B6B9AA09-327F-4150-AD85-4A894E6D0603}.Debug|Any CPU.Build.0 = Debug|Any CPU
		{B6B9AA09-327F-4150-AD85-4A894E6D0603}.Release|Any CPU.ActiveCfg = Release|Any CPU
		{B6B9AA09-327F-4150-AD85-4A894E6D0603}.Release|Any CPU.Build.0 = Release|Any CPU
		{255DDCF7-228A-49DD-9017-0EF015A005A9}.Debug|Any CPU.ActiveCfg = Debug|Any CPU
		{255DDCF7-228A-49DD-9017-0EF015A005A9}.Debug|Any CPU.Build.0 = Debug|Any CPU
		{255DDCF7-228A-49DD-9017-0EF015A005A9}.Release|Any CPU.ActiveCfg = Release|Any CPU
		{255DDCF7-228A-49DD-9017-0EF015A005A9}.Release|Any CPU.Build.0 = Release|Any CPU
		{422D887D-96AE-43A5-B378-FB42EC627483}.Debug|Any CPU.ActiveCfg = Debug|Any CPU
		{422D887D-96AE-43A5-B378-FB42EC627483}.Debug|Any CPU.Build.0 = Debug|Any CPU
		{422D887D-96AE-43A5-B378-FB42EC627483}.Release|Any CPU.ActiveCfg = Release|Any CPU
		{422D887D-96AE-43A5-B378-FB42EC627483}.Release|Any CPU.Build.0 = Release|Any CPU
		{0DE61420-F728-48DD-976C-D61599458447}.Debug|Any CPU.ActiveCfg = Debug|Any CPU
		{0DE61420-F728-48DD-976C-D61599458447}.Debug|Any CPU.Build.0 = Debug|Any CPU
		{0DE61420-F728-48DD-976C-D61599458447}.Release|Any CPU.ActiveCfg = Release|Any CPU
		{0DE61420-F728-48DD-976C-D61599458447}.Release|Any CPU.Build.0 = Release|Any CPU
		{4441435A-3C7F-47D8-93A4-96591EE62F22}.Debug|Any CPU.ActiveCfg = Debug|Any CPU
		{4441435A-3C7F-47D8-93A4-96591EE62F22}.Debug|Any CPU.Build.0 = Debug|Any CPU
		{4441435A-3C7F-47D8-93A4-96591EE62F22}.Release|Any CPU.ActiveCfg = Release|Any CPU
		{4441435A-3C7F-47D8-93A4-96591EE62F22}.Release|Any CPU.Build.0 = Release|Any CPU
		{B17BD602-11F0-426B-BAE9-116ECDFBE744}.Debug|Any CPU.ActiveCfg = Debug|Any CPU
		{B17BD602-11F0-426B-BAE9-116ECDFBE744}.Debug|Any CPU.Build.0 = Debug|Any CPU
		{B17BD602-11F0-426B-BAE9-116ECDFBE744}.Release|Any CPU.ActiveCfg = Release|Any CPU
		{B17BD602-11F0-426B-BAE9-116ECDFBE744}.Release|Any CPU.Build.0 = Release|Any CPU
		{4FFE0A4D-3EE1-404E-82DB-D170B566F9DB}.Debug|Any CPU.ActiveCfg = Debug|Any CPU
		{4FFE0A4D-3EE1-404E-82DB-D170B566F9DB}.Debug|Any CPU.Build.0 = Debug|Any CPU
		{4FFE0A4D-3EE1-404E-82DB-D170B566F9DB}.Release|Any CPU.ActiveCfg = Release|Any CPU
		{4FFE0A4D-3EE1-404E-82DB-D170B566F9DB}.Release|Any CPU.Build.0 = Release|Any CPU
		{E4491C6B-B5DA-4B40-9C22-C0C2397A08AE}.Debug|Any CPU.ActiveCfg = Debug|Any CPU
		{E4491C6B-B5DA-4B40-9C22-C0C2397A08AE}.Debug|Any CPU.Build.0 = Debug|Any CPU
		{E4491C6B-B5DA-4B40-9C22-C0C2397A08AE}.Release|Any CPU.ActiveCfg = Release|Any CPU
		{E4491C6B-B5DA-4B40-9C22-C0C2397A08AE}.Release|Any CPU.Build.0 = Release|Any CPU
		{1268E531-BD6E-4662-AAC2-26ECBC5F5455}.Debug|Any CPU.ActiveCfg = Debug|Any CPU
		{1268E531-BD6E-4662-AAC2-26ECBC5F5455}.Debug|Any CPU.Build.0 = Debug|Any CPU
		{1268E531-BD6E-4662-AAC2-26ECBC5F5455}.Release|Any CPU.ActiveCfg = Release|Any CPU
		{1268E531-BD6E-4662-AAC2-26ECBC5F5455}.Release|Any CPU.Build.0 = Release|Any CPU
		{C8FC1F9B-FAE8-455B-B8DE-BCF854EE4307}.Debug|Any CPU.ActiveCfg = Debug|Any CPU
		{C8FC1F9B-FAE8-455B-B8DE-BCF854EE4307}.Debug|Any CPU.Build.0 = Debug|Any CPU
		{C8FC1F9B-FAE8-455B-B8DE-BCF854EE4307}.Release|Any CPU.ActiveCfg = Release|Any CPU
		{C8FC1F9B-FAE8-455B-B8DE-BCF854EE4307}.Release|Any CPU.Build.0 = Release|Any CPU
		{87770AFE-4BE6-4310-A706-D6AC4AA9E9AB}.Debug|Any CPU.ActiveCfg = Debug|Any CPU
		{87770AFE-4BE6-4310-A706-D6AC4AA9E9AB}.Debug|Any CPU.Build.0 = Debug|Any CPU
		{87770AFE-4BE6-4310-A706-D6AC4AA9E9AB}.Debug|Any CPU.Deploy.0 = Debug|Any CPU
		{87770AFE-4BE6-4310-A706-D6AC4AA9E9AB}.Release|Any CPU.ActiveCfg = Release|Any CPU
		{87770AFE-4BE6-4310-A706-D6AC4AA9E9AB}.Release|Any CPU.Build.0 = Release|Any CPU
		{87770AFE-4BE6-4310-A706-D6AC4AA9E9AB}.Release|Any CPU.Deploy.0 = Release|Any CPU
	EndGlobalSection
	GlobalSection(SolutionProperties) = preSolution
		HideSolutionNode = FALSE
	EndGlobalSection
	GlobalSection(ExtensibilityGlobals) = postSolution
		SolutionGuid = {981368EA-B568-4930-AD1A-75D9E90B80AE}
	EndGlobalSection
EndGlobal
